
Microsoft Visual Studio Solution File, Format Version 12.00
# Visual Studio Version 17
VisualStudioVersion = 17.5.33424.131
MinimumVisualStudioVersion = 10.0.40219.1
Project("{9A19103F-16F7-4668-BE54-9A1E7A4F7556}") = "CreateDemoApi", "CreateDemoApi\CreateDemoApi.csproj", "{DC78A10B-07CC-4D9C-B0E9-AEB39154B425}"
EndProject
Project("{FAE04EC0-301F-11D3-BF4B-00C04F79EFBC}") = "CreateDemoApi.UnitTest", "CreateDemoApi.UnitTest\CreateDemoApi.UnitTest.csproj", "{213B80B4-B09C-4F9E-BC7E-F5CB11FCDAAF}"
EndProject
Global
	GlobalSection(SolutionConfigurationPlatforms) = preSolution
		Debug|Any CPU = Debug|Any CPU
		Release|Any CPU = Release|Any CPU
	EndGlobalSection
	GlobalSection(ProjectConfigurationPlatforms) = postSolution
		{DC78A10B-07CC-4D9C-B0E9-AEB39154B425}.Debug|Any CPU.ActiveCfg = Debug|Any CPU
		{DC78A10B-07CC-4D9C-B0E9-AEB39154B425}.Debug|Any CPU.Build.0 = Debug|Any CPU
		{DC78A10B-07CC-4D9C-B0E9-AEB39154B425}.Release|Any CPU.ActiveCfg = Release|Any CPU
		{DC78A10B-07CC-4D9C-B0E9-AEB39154B425}.Release|Any CPU.Build.0 = Release|Any CPU
		{213B80B4-B09C-4F9E-BC7E-F5CB11FCDAAF}.Debug|Any CPU.ActiveCfg = Debug|Any CPU
		{213B80B4-B09C-4F9E-BC7E-F5CB11FCDAAF}.Debug|Any CPU.Build.0 = Debug|Any CPU
		{213B80B4-B09C-4F9E-BC7E-F5CB11FCDAAF}.Release|Any CPU.ActiveCfg = Release|Any CPU
		{213B80B4-B09C-4F9E-BC7E-F5CB11FCDAAF}.Release|Any CPU.Build.0 = Release|Any CPU
	EndGlobalSection
	GlobalSection(SolutionProperties) = preSolution
		HideSolutionNode = FALSE
	EndGlobalSection
	GlobalSection(ExtensibilityGlobals) = postSolution
		SolutionGuid = {C2487C20-3E24-4300-9B10-EA7DBE64C01D}
	EndGlobalSection
EndGlobal
